# THIS IS AN AUTOGENERATED FILE. DO NOT EDIT THIS FILE DIRECTLY.
# yarn lockfile v1


"@discordjs/builders@^0.6.0":
  "integrity" "sha512-mH3Gx61LKk2CD05laCI9K5wp+a3NyASHDUGx83DGJFkqJlRlSV5WMJNY6RS37A5SjqDtGMF4wVR9jzFaqShe6Q=="
  "resolved" "https://registry.npmjs.org/@discordjs/builders/-/builders-0.6.0.tgz"
  "version" "0.6.0"
  dependencies:
    "@sindresorhus/is" "^4.0.1"
    "discord-api-types" "^0.22.0"
    "ow" "^0.27.0"
    "ts-mixer" "^6.0.0"
    "tslib" "^2.3.1"

"@discordjs/collection@^0.2.1":
  "integrity" "sha512-vhxqzzM8gkomw0TYRF3tgx7SwElzUlXT/Aa41O7mOcyN6wIJfj5JmDWaO5XGKsGSsNx7F3i5oIlrucCCWV1Nog=="
  "resolved" "https://registry.npmjs.org/@discordjs/collection/-/collection-0.2.1.tgz"
  "version" "0.2.1"

"@discordjs/form-data@^3.0.1":
  "integrity" "sha512-ZfFsbgEXW71Rw/6EtBdrP5VxBJy4dthyC0tpQKGKmYFImlmmrykO14Za+BiIVduwjte0jXEBlhSKf0MWbFp9Eg=="
  "resolved" "https://registry.npmjs.org/@discordjs/form-data/-/form-data-3.0.1.tgz"
  "version" "3.0.1"
  dependencies:
    "asynckit" "^0.4.0"
    "combined-stream" "^1.0.8"
    "mime-types" "^2.1.12"

"@sapphire/async-queue@^1.1.5":
  "integrity" "sha512-EBRERa9NqK/EV6DIPBVtjjdHBsu/DSdMuYAydmoIyIPONzp0UAxf2G6JGJ52WkiONtPRx6KNuqB5Q8dm14fwyw=="
  "resolved" "https://registry.npmjs.org/@sapphire/async-queue/-/async-queue-1.1.7.tgz"
  "version" "1.1.7"

"@sindresorhus/is@^4.0.1":
  "integrity" "sha512-VkE3KLBmJwcCaVARtQpfuKcKv8gcBmUubrfHGF84dXuuW6jgsRYxPtzcIhPyK9WAPpRt2/xY6zkD9MnRaJzSyw=="
  "resolved" "https://registry.npmjs.org/@sindresorhus/is/-/is-4.2.0.tgz"
  "version" "4.2.0"

"@types/node@*", "@types/node@^14.0.1":
  "integrity" "sha512-sd4CHI9eTJXTH2vF3RGtGkqvWRwhsSSUFsXD4oG38GZzSZ0tNPbWikd2AbOAcKxCXhOg57fL8FPxjpfSzb2pIQ=="
  "resolved" "https://registry.npmjs.org/@types/node/-/node-14.17.29.tgz"
  "version" "14.17.29"

"@types/webidl-conversions@*":
  "integrity" "sha512-XAahCdThVuCFDQLT7R7Pk/vqeObFNL3YqRyFZg+AqAP/W1/w3xHaIxuW7WszQqTbIBOPRcItYJIou3i/mppu3Q=="
  "resolved" "https://registry.npmjs.org/@types/webidl-conversions/-/webidl-conversions-6.1.1.tgz"
  "version" "6.1.1"

"@types/whatwg-url@^8.2.1":
  "integrity" "sha512-2YubE1sjj5ifxievI5Ge1sckb9k/Er66HyR2c+3+I6VDUUg1TLPdYYTEbQ+DjRkS4nTxMJhgWfSfMRD2sl2EYQ=="
  "resolved" "https://registry.npmjs.org/@types/whatwg-url/-/whatwg-url-8.2.1.tgz"
  "version" "8.2.1"
  dependencies:
    "@types/node" "*"
    "@types/webidl-conversions" "*"

"@types/ws@^7.2.1":
  "integrity" "sha512-JQbbmxZTZehdc2iszGKs5oC3NFnjeay7mtAWrdt7qNtAVK0g19muApzAy4bm9byz79xa2ZnO/BOBC2R8RC5Lww=="
  "resolved" "https://registry.npmjs.org/@types/ws/-/ws-7.4.7.tgz"
  "version" "7.4.7"
  dependencies:
    "@types/node" "*"

"@types/ws@^8.2.0":
  "integrity" "sha512-cyeefcUCgJlEk+hk2h3N+MqKKsPViQgF5boi9TTHSK+PoR9KWBb/C5ccPcDyAqgsbAYHTwulch725DV84+pSpg=="
  "resolved" "https://registry.npmjs.org/@types/ws/-/ws-8.2.0.tgz"
  "version" "8.2.0"
  dependencies:
    "@types/node" "*"

"ansi-styles@^4.1.0":
  "integrity" "sha512-zbB9rCJAT1rbjiVDb2hqKFHNYLxgtk8NURxZ3IZwD3F6NtxbXZQCnnSi1Lkx+IDohdPlFp222wVALIheZJQSEg=="
  "resolved" "https://registry.npmjs.org/ansi-styles/-/ansi-styles-4.3.0.tgz"
  "version" "4.3.0"
  dependencies:
    "color-convert" "^2.0.1"

"asynckit@^0.4.0":
  "integrity" "sha1-x57Zf380y48robyXkLzDZkdLS3k= sha512-Oei9OH4tRh0YqU3GxhX79dM/mwVgvbZJaSNaRk+bshkj0S5cfHcgYakreBjrHwatXKbz+IoIdYLxrKim2MjW0Q=="
  "resolved" "https://registry.npmjs.org/asynckit/-/asynckit-0.4.0.tgz"
  "version" "0.4.0"

"base64-js@^1.3.1":
  "integrity" "sha512-AKpaYlHn8t4SVbOHCy+b5+KKgvR4vrsD8vbvrbiQJps7fKDTkjkDry6ji0rUJjC0kzbNePLwzxq8iypo41qeWA=="
  "resolved" "https://registry.npmjs.org/base64-js/-/base64-js-1.5.1.tgz"
  "version" "1.5.1"

"bson@^4.2.2", "bson@^4.5.2":
  "integrity" "sha512-qVX7LX79Mtj7B3NPLzCfBiCP6RAsjiV8N63DjlaVVpZW+PFoDTxQ4SeDbSpcqgE6mXksM5CAwZnXxxxn/XwC0g=="
  "resolved" "https://registry.npmjs.org/bson/-/bson-4.5.3.tgz"
  "version" "4.5.3"
  dependencies:
    "buffer" "^5.6.0"

"buffer@^5.6.0":
  "integrity" "sha512-EHcyIPBQ4BSGlvjB16k5KgAJ27CIsHY/2JBmCRReo48y9rQ3MaUzWX3KVlBa4U7MyX02HdVj0K7C3WaB3ju7FQ=="
  "resolved" "https://registry.npmjs.org/buffer/-/buffer-5.7.1.tgz"
  "version" "5.7.1"
  dependencies:
    "base64-js" "^1.3.1"
    "ieee754" "^1.1.13"

"callsites@^3.1.0":
  "integrity" "sha512-P8BjAsXvZS+VIDUI11hHCQEv74YT67YUi5JJFNWIqL235sBmjX4+qx9Muvls5ivyNENctx46xQLQ3aTuE7ssaQ=="
  "resolved" "https://registry.npmjs.org/callsites/-/callsites-3.1.0.tgz"
  "version" "3.1.0"

"chalk@^4.1.2":
  "integrity" "sha512-oKnbhFyRIXpUuez8iBMmyEa4nbj4IOQyuhc/wy9kY7/WVPcwIO9VA668Pu8RkO7+0G76SLROeyw9CpQ061i4mA=="
  "resolved" "https://registry.npmjs.org/chalk/-/chalk-4.1.2.tgz"
  "version" "4.1.2"
  dependencies:
    "ansi-styles" "^4.1.0"
    "supports-color" "^7.1.0"

"color-convert@^2.0.1":
  "integrity" "sha512-RRECPsj7iu/xb5oKYcsFHSppFNnsj/52OVTRKb4zP5onXwVF3zVmmToNcOfGC+CRDpfK/U584fMg38ZHCaElKQ=="
  "resolved" "https://registry.npmjs.org/color-convert/-/color-convert-2.0.1.tgz"
  "version" "2.0.1"
  dependencies:
    "color-name" "~1.1.4"

"color-name@~1.1.4":
  "integrity" "sha512-dOy+3AuW3a2wNbZHIuMZpTcgjGuLU/uBL/ubcZF9OXbDo8ff4O8yVp5Bf0efS8uEoYo5q4Fx7dY9OgQGXgAsQA=="
  "resolved" "https://registry.npmjs.org/color-name/-/color-name-1.1.4.tgz"
  "version" "1.1.4"

"combined-stream@^1.0.8":
  "integrity" "sha512-FQN4MRfuJeHf7cBbBMJFXhKSDq+2kAArBlmRBvcvFE5BB1HZKXtSFASDhdlz9zOYwxh8lDdnvmMOe/+5cdoEdg=="
  "resolved" "https://registry.npmjs.org/combined-stream/-/combined-stream-1.0.8.tgz"
  "version" "1.0.8"
  dependencies:
    "delayed-stream" "~1.0.0"

"debug@4.x":
  "integrity" "sha512-mOp8wKcvj7XxC78zLgw/ZA+6TSgkoE2C/ienthhRD298T7UNwAg9diBpLRxC0mOezLl4B0xV7M0cCO6P/O0Xhw=="
  "resolved" "https://registry.npmjs.org/debug/-/debug-4.3.2.tgz"
  "version" "4.3.2"
  dependencies:
    "ms" "2.1.2"

"delayed-stream@~1.0.0":
  "integrity" "sha1-3zrhmayt+31ECqrgsp4icrJOxhk= sha512-ZySD7Nf91aLB0RxL4KGrKHBXl7Eds1DAmEdcoVawXnLD7SDhpNgtuII2aAkg7a7QS41jxPSZ17p4VdGnMHk3MQ=="
  "resolved" "https://registry.npmjs.org/delayed-stream/-/delayed-stream-1.0.0.tgz"
  "version" "1.0.0"

"denque@^2.0.1":
  "integrity" "sha512-tfiWc6BQLXNLpNiR5iGd0Ocu3P3VpxfzFiqubLgMfhfOw9WyvgJBd46CClNn9k3qfbjvT//0cf7AlYRX/OslMQ=="
  "resolved" "https://registry.npmjs.org/denque/-/denque-2.0.1.tgz"
  "version" "2.0.1"

"discord-api-types@^0.22.0":
  "integrity" "sha512-l8yD/2zRbZItUQpy7ZxBJwaLX/Bs2TGaCthRppk8Sw24LOIWg12t9JEreezPoYD0SQcC2htNNo27kYEpYW/Srg=="
  "resolved" "https://registry.npmjs.org/discord-api-types/-/discord-api-types-0.22.0.tgz"
  "version" "0.22.0"

"discord-api-types@^0.23.1":
  "integrity" "sha512-igWmn+45mzXRWNEPU25I/pr8MwxHb767wAr51oy3VRLRcTlp5ADBbrBR0lq3SA1Rfw3MtM4TQu1xo3kxscfVdQ=="
  "resolved" "https://registry.npmjs.org/discord-api-types/-/discord-api-types-0.23.1.tgz"
  "version" "0.23.1"

"discord-logs@^2.0.1":
  "integrity" "sha512-Dof1JOxeeQnzAw5Em8oJwUg3Bk217VRn7q8lAfjPaNwQ88+y6PpdBItREylnxsuzoBs5aNwJ3pCwNAhU7LM6GQ=="
  "resolved" "https://registry.npmjs.org/discord-logs/-/discord-logs-2.0.1.tgz"
  "version" "2.0.1"
  dependencies:
    "@types/node" "^14.0.1"
    "@types/ws" "^7.2.1"

"discord.js@^13.2.0":
  "integrity" "sha512-nyxUvL8wuQG38zx13wUMkpcA8koFszyiXdkSLwwM9opKW2LC2H5gD0cTZxImeJ6GtEnKPWT8xBiE8lLBmbNIhw=="
  "resolved" "https://registry.npmjs.org/discord.js/-/discord.js-13.2.0.tgz"
  "version" "13.2.0"
  dependencies:
    "@discordjs/builders" "^0.6.0"
    "@discordjs/collection" "^0.2.1"
    "@discordjs/form-data" "^3.0.1"
    "@sapphire/async-queue" "^1.1.5"
    "@types/ws" "^8.2.0"
    "discord-api-types" "^0.23.1"
    "node-fetch" "^2.6.1"
    "ws" "^8.2.3"

"dot-prop@^6.0.1":
  "integrity" "sha512-tE7ztYzXHIeyvc7N+hR3oi7FIbf/NIjVP9hmAt3yMXzrQ072/fpjGLx2GxNxGxUl5V73MEqYzioOMoVhGMJ5cA=="
  "resolved" "https://registry.npmjs.org/dot-prop/-/dot-prop-6.0.1.tgz"
  "version" "6.0.1"
  dependencies:
    "is-obj" "^2.0.0"

"has-flag@^4.0.0":
  "integrity" "sha512-EykJT/Q1KjTWctppgIAgfSO0tKVuZUjhgMr17kqTumMl6Afv3EISleU7qZUzoXDFTAHTDC4NOoG/ZxU3EvlMPQ=="
  "resolved" "https://registry.npmjs.org/has-flag/-/has-flag-4.0.0.tgz"
  "version" "4.0.0"

"hastebin-gen@^2.0.5":
  "integrity" "sha512-At1LaKtcqh2jiP8xfE2sDGT9IshIki6FqsgLwn2y7FzAvlFJRtpUsSPh3yWjWIQIvxi/GPF07IBqSI8WhPL/gQ=="
  "resolved" "https://registry.npmjs.org/hastebin-gen/-/hastebin-gen-2.0.5.tgz"
  "version" "2.0.5"
  dependencies:
    "node-fetch" "^2.6.0"

"ieee754@^1.1.13":
  "integrity" "sha512-dcyqhDvX1C46lXZcVqCpK+FtMRQVdIMN6/Df5js2zouUsqG7I6sFxitIC+7KYK29KdXOLHdu9zL4sFnoVQnqaA=="
  "resolved" "https://registry.npmjs.org/ieee754/-/ieee754-1.2.1.tgz"
  "version" "1.2.1"

"is-obj@^2.0.0":
  "integrity" "sha512-drqDG3cbczxxEJRoOXcOjtdp1J/lyp1mNn0xaznRs8+muBhgQcrnbspox5X5fOw0HnMnbfDzvnEMEtqDEJEo8w=="
  "resolved" "https://registry.npmjs.org/is-obj/-/is-obj-2.0.0.tgz"
  "version" "2.0.0"

"kareem@2.3.2":
  "integrity" "sha512-STHz9P7X2L4Kwn72fA4rGyqyXdmrMSdxqHx9IXon/FXluXieaFA6KJ2upcHAHxQPQ0LeM/OjLrhFxifHewOALQ=="
  "resolved" "https://registry.npmjs.org/kareem/-/kareem-2.3.2.tgz"
  "version" "2.3.2"

"lodash.isequal@^4.5.0":
  "integrity" "sha1-QVxEePK8wwEgwizhDtMib30+GOA= sha512-pDo3lu8Jhfjqls6GkMgpahsF9kCyayhgykjyLMNFTKWrpVdAQtYyB4muAMWozBB4ig/dtWAmsMxLEI8wuz+DYQ=="
  "resolved" "https://registry.npmjs.org/lodash.isequal/-/lodash.isequal-4.5.0.tgz"
  "version" "4.5.0"

"memory-pager@^1.0.2":
  "integrity" "sha512-ZS4Bp4r/Zoeq6+NLJpP+0Zzm0pR8whtGPf1XExKLJBAczGMnSi3It14OiNCStjQjM6NU1okjQGSxgEZN8eBYKg=="
  "resolved" "https://registry.npmjs.org/memory-pager/-/memory-pager-1.5.0.tgz"
  "version" "1.5.0"

"mime-db@1.50.0":
  "integrity" "sha512-9tMZCDlYHqeERXEHO9f/hKfNXhre5dK2eE/krIvUjZbS2KPcqGDfNShIWS1uW9XOTKQKqK6qbeOci18rbfW77A=="
  "resolved" "https://registry.npmjs.org/mime-db/-/mime-db-1.50.0.tgz"
  "version" "1.50.0"

"mime-types@^2.1.12":
  "integrity" "sha512-plLElXp7pRDd0bNZHw+nMd52vRYjLwQjygaNg7ddJ2uJtTlmnTCjWuPKxVu6//AdaRuME84SvLW91sIkBqGT0g=="
  "resolved" "https://registry.npmjs.org/mime-types/-/mime-types-2.1.33.tgz"
  "version" "2.1.33"
  dependencies:
    "mime-db" "1.50.0"

"moment@^2.29.1":
  "integrity" "sha512-kHmoybcPV8Sqy59DwNDY3Jefr64lK/by/da0ViFcuA4DH0vQg5Q6Ze5VimxkfQNSC+Mls/Kx53s7TjP1RhFEDQ=="
  "resolved" "https://registry.npmjs.org/moment/-/moment-2.29.1.tgz"
  "version" "2.29.1"

"mongodb-connection-string-url@^2.0.0":
  "integrity" "sha512-Qf9Zw7KGiRljWvMrrUFDdVqo46KIEiDuCzvEN97rh/PcKzk2bd6n9KuzEwBwW9xo5glwx69y1mI6s+jFUD/aIQ=="
  "resolved" "https://registry.npmjs.org/mongodb-connection-string-url/-/mongodb-connection-string-url-2.1.0.tgz"
  "version" "2.1.0"
  dependencies:
    "@types/whatwg-url" "^8.2.1"
    "whatwg-url" "^9.1.0"

"mongodb@4.1.3":
  "integrity" "sha512-lHvTqODBiSpuqjpCj48DOyYWS6Iq6ElJNUiH9HWdQtONyOfjgsKzJULipWduMGsSzaNO4nFi/kmlMFCLvjox/Q=="
  "resolved" "https://registry.npmjs.org/mongodb/-/mongodb-4.1.3.tgz"
  "version" "4.1.3"
  dependencies:
    "bson" "^4.5.2"
    "denque" "^2.0.1"
    "mongodb-connection-string-url" "^2.0.0"
  optionalDependencies:
    "saslprep" "^1.0.3"

"mongoose@^6.0.12":
  "integrity" "sha512-BvsZk7zEEhb1AgQFLtxN9C+7qgy5edRuA3ZDDwHU+kHG/HM44vI6FdKV5m6HVdAUeCHHQTiVv+YQh8BRsToSHw=="
  "resolved" "https://registry.npmjs.org/mongoose/-/mongoose-6.0.12.tgz"
  "version" "6.0.12"
  dependencies:
    "bson" "^4.2.2"
    "kareem" "2.3.2"
    "mongodb" "4.1.3"
    "mpath" "0.8.4"
    "mquery" "4.0.0"
    "ms" "2.1.2"
    "regexp-clone" "1.0.0"
    "sift" "13.5.2"
    "sliced" "1.0.1"

"mpath@0.8.4":
  "integrity" "sha512-DTxNZomBcTWlrMW76jy1wvV37X/cNNxPW1y2Jzd4DZkAaC5ZGsm8bfGfNOthcDuRJujXLqiuS6o3Tpy0JEoh7g=="
  "resolved" "https://registry.npmjs.org/mpath/-/mpath-0.8.4.tgz"
  "version" "0.8.4"

"mquery@4.0.0":
  "integrity" "sha512-nGjm89lHja+T/b8cybAby6H0YgA4qYC/lx6UlwvHGqvTq8bDaNeCwl1sY8uRELrNbVWJzIihxVd+vphGGn1vBw=="
  "resolved" "https://registry.npmjs.org/mquery/-/mquery-4.0.0.tgz"
  "version" "4.0.0"
  dependencies:
    "debug" "4.x"
    "regexp-clone" "^1.0.0"
    "sliced" "1.0.1"

"ms@2.1.2":
  "integrity" "sha512-sGkPx+VjMtmA6MX27oA4FBFELFCZZ4S4XqeGOXCv68tT+jb3vk/RyaKWP0PTKyWtmLSM0b+adUTEvbs1PEaH2w=="
  "resolved" "https://registry.npmjs.org/ms/-/ms-2.1.2.tgz"
  "version" "2.1.2"

"node-fetch@^2.6.0", "node-fetch@^2.6.1":
  "integrity" "sha512-mmlIVHJEu5rnIxgEgez6b9GgWXbkZj5YZ7fx+2r94a2E+Uirsp6HsPTPlomfdHtpt/B0cdKviwkoaM6pyvUOpQ=="
  "resolved" "https://registry.npmjs.org/node-fetch/-/node-fetch-2.6.5.tgz"
  "version" "2.6.5"
  dependencies:
    "whatwg-url" "^5.0.0"

"ow@^0.27.0":
  "integrity" "sha512-SGnrGUbhn4VaUGdU0EJLMwZWSupPmF46hnTRII7aCLCrqixTAC5eKo8kI4/XXf1eaaI8YEVT+3FeGNJI9himAQ=="
  "resolved" "https://registry.npmjs.org/ow/-/ow-0.27.0.tgz"
  "version" "0.27.0"
  dependencies:
    "@sindresorhus/is" "^4.0.1"
    "callsites" "^3.1.0"
    "dot-prop" "^6.0.1"
    "lodash.isequal" "^4.5.0"
    "type-fest" "^1.2.1"
    "vali-date" "^1.0.0"

"punycode@^2.1.1":
  "integrity" "sha512-XRsRjdf+j5ml+y/6GKHPZbrF/8p2Yga0JPtdqTIY2Xe5ohJPD9saDJJLPvp9+NSBprVvevdXZybnj2cv8OEd0A=="
  "resolved" "https://registry.npmjs.org/punycode/-/punycode-2.1.1.tgz"
  "version" "2.1.1"

"regexp-clone@^1.0.0", "regexp-clone@1.0.0":
  "integrity" "sha512-TuAasHQNamyyJ2hb97IuBEif4qBHGjPHBS64sZwytpLEqtBQ1gPJTnOaQ6qmpET16cK14kkjbazl6+p0RRv0yw=="
  "resolved" "https://registry.npmjs.org/regexp-clone/-/regexp-clone-1.0.0.tgz"
  "version" "1.0.0"

"saslprep@^1.0.3":
  "integrity" "sha512-/MY/PEMbk2SuY5sScONwhUDsV2p77Znkb/q3nSVstq/yQzYJOH/Azh29p9oJLsl3LnQwSvZDKagDGBsBwSooag=="
  "resolved" "https://registry.npmjs.org/saslprep/-/saslprep-1.0.3.tgz"
  "version" "1.0.3"
  dependencies:
    "sparse-bitfield" "^3.0.3"

"sift@13.5.2":
  "integrity" "sha512-+gxdEOMA2J+AI+fVsCqeNn7Tgx3M9ZN9jdi95939l1IJ8cZsqS8sqpJyOkic2SJk+1+98Uwryt/gL6XDaV+UZA=="
  "resolved" "https://registry.npmjs.org/sift/-/sift-13.5.2.tgz"
  "version" "13.5.2"

"sliced@1.0.1":
  "integrity" "sha1-CzpmK10Ewxd7GSa+qCsD+Dei70E= sha512-VZBmZP8WU3sMOZm1bdgTadsQbcscK0UM8oKxKVBs4XAhUo2Xxzm/OFMGBkPusxw9xL3Uy8LrzEqGqJhclsr0yA=="
  "resolved" "https://registry.npmjs.org/sliced/-/sliced-1.0.1.tgz"
  "version" "1.0.1"

"sparse-bitfield@^3.0.3":
  "integrity" "sha1-/0rm5oZWBWuks+eSqzM004JzyhE= sha512-kvzhi7vqKTfkh0PZU+2D2PIllw2ymqJKujUcyPMd9Y75Nv4nPbGJZXNhxsgdQab2BmlDct1YnfQCguEvHr7VsQ=="
  "resolved" "https://registry.npmjs.org/sparse-bitfield/-/sparse-bitfield-3.0.3.tgz"
  "version" "3.0.3"
  dependencies:
    "memory-pager" "^1.0.2"

"supports-color@^7.1.0":
  "integrity" "sha512-qpCAvRl9stuOHveKsn7HncJRvv501qIacKzQlO/+Lwxc9+0q2wLyv4Dfvt80/DPn2pqOBsJdDiogXGR9+OvwRw=="
  "resolved" "https://registry.npmjs.org/supports-color/-/supports-color-7.2.0.tgz"
  "version" "7.2.0"
  dependencies:
    "has-flag" "^4.0.0"

"tr46@^2.1.0":
  "integrity" "sha512-15Ih7phfcdP5YxqiB+iDtLoaTz4Nd35+IiAv0kQ5FNKHzXgdWqPoTIqEDDJmXceQt4JZk6lVPT8lnDlPpGDppw=="
  "resolved" "https://registry.npmjs.org/tr46/-/tr46-2.1.0.tgz"
  "version" "2.1.0"
  dependencies:
    "punycode" "^2.1.1"

"tr46@~0.0.3":
  "integrity" "sha1-gYT9NH2snNwYWZLzpmIuFLnZq2o= sha512-N3WMsuqV66lT30CrXNbEjx4GEwlow3v6rr4mCcv6prnfwhS01rkgyFdjPNBYd9br7LpXV1+Emh01fHnq2Gdgrw=="
  "resolved" "https://registry.npmjs.org/tr46/-/tr46-0.0.3.tgz"
  "version" "0.0.3"

"ts-mixer@^6.0.0":
  "integrity" "sha512-nXIb1fvdY5CBSrDIblLn73NW0qRDk5yJ0Sk1qPBF560OdJfQp9jhl+0tzcY09OZ9U+6GpeoI9RjwoIKFIoB9MQ=="
  "resolved" "https://registry.npmjs.org/ts-mixer/-/ts-mixer-6.0.0.tgz"
  "version" "6.0.0"

"tslib@^2.3.1":
  "integrity" "sha512-77EbyPPpMz+FRFRuAFlWMtmgUWGe9UOG2Z25NqCwiIjRhOf5iKGuzSe5P2w1laq+FkRy4p+PCuVkJSGkzTEKVw=="
  "resolved" "https://registry.npmjs.org/tslib/-/tslib-2.3.1.tgz"
  "version" "2.3.1"

"type-fest@^1.2.1":
  "integrity" "sha512-yGSza74xk0UG8k+pLh5oeoYirvIiWo5t0/o3zHHAO2tRDiZcxWP7fywNlXhqb6/r6sWvwi+RsyQMWhVLe4BVuA=="
  "resolved" "https://registry.npmjs.org/type-fest/-/type-fest-1.4.0.tgz"
  "version" "1.4.0"

"vali-date@^1.0.0":
  "integrity" "sha1-G5BKWWCfsyjvB4E4Qgk09rhnCaY= sha512-sgECfZthyaCKW10N0fm27cg8HYTFK5qMWgypqkXMQ4Wbl/zZKx7xZICgcoxIIE+WFAP/MBL2EFwC/YvLxw3Zeg=="
  "resolved" "https://registry.npmjs.org/vali-date/-/vali-date-1.0.0.tgz"
  "version" "1.0.0"

"webidl-conversions@^3.0.0":
  "integrity" "sha1-JFNCdeKnvGvnvIZhHMFq4KVlSHE= sha512-2JAn3z8AR6rjK8Sm8orRC0h/bcl/DqL7tRPdGZ4I1CjdF+EaMLmYxBHyXuKL849eucPFhvBoxMsflfOb8kxaeQ=="
  "resolved" "https://registry.npmjs.org/webidl-conversions/-/webidl-conversions-3.0.1.tgz"
  "version" "3.0.1"

"webidl-conversions@^6.1.0":
  "integrity" "sha512-qBIvFLGiBpLjfwmYAaHPXsn+ho5xZnGvyGvsarywGNc8VyQJUMHJ8OBKGGrPER0okBeMDaan4mNBlgBROxuI8w=="
  "resolved" "https://registry.npmjs.org/webidl-conversions/-/webidl-conversions-6.1.0.tgz"
  "version" "6.1.0"

"whatwg-url@^5.0.0":
  "integrity" "sha1-lmRU6HZUYuN2RNNib2dCzotwll0= sha512-saE57nupxk6v3HY35+jzBwYa0rKSy0XR8JSxZPwgLr7ys0IBzhGviA1/TUGJLmSVqs8pb9AnvICXEuOHLprYTw=="
  "resolved" "https://registry.npmjs.org/whatwg-url/-/whatwg-url-5.0.0.tgz"
  "version" "5.0.0"
  dependencies:
    "tr46" "~0.0.3"
    "webidl-conversions" "^3.0.0"

"whatwg-url@^9.1.0":
  "integrity" "sha512-CQ0UcrPHyomtlOCot1TL77WyMIm/bCwrJ2D6AOKGwEczU9EpyoqAokfqrf/MioU9kHcMsmJZcg1egXix2KYEsA=="
  "resolved" "https://registry.npmjs.org/whatwg-url/-/whatwg-url-9.1.0.tgz"
  "version" "9.1.0"
  dependencies:
    "tr46" "^2.1.0"
    "webidl-conversions" "^6.1.0"

"ws@^8.2.3":
  "integrity" "sha512-wBuoj1BDpC6ZQ1B7DWQBYVLphPWkm8i9Y0/3YdHjHKHiohOJ1ws+3OccDWtH+PoC9DZD5WOTrJvNbWvjS6JWaA=="
  "resolved" "https://registry.npmjs.org/ws/-/ws-8.2.3.tgz"
  "version" "8.2.3"
